
Microsoft Visual Studio Solution File, Format Version 12.00
# Visual Studio Version 17
VisualStudioVersion = 17.3.32819.101
MinimumVisualStudioVersion = 10.0.40219.1
Project("{9A19103F-16F7-4668-BE54-9A1E7A4F7556}") = "InventorySystem", "InventorySystem\InventorySystem.csproj", "{3DDEFCBD-DD6F-461C-9AE5-B87006C1F1AA}"
EndProject
Project("{E53339B2-1760-4266-BCC7-CA923CBCF16C}") = "docker-compose", "docker-compose.dcproj", "{AB7FC380-D4DD-4500-A34C-8744661A9312}"
EndProject
Global
	GlobalSection(SolutionConfigurationPlatforms) = preSolution
		Debug|Any CPU = Debug|Any CPU
		Release|Any CPU = Release|Any CPU
	EndGlobalSection
	GlobalSection(ProjectConfigurationPlatforms) = postSolution
		{3DDEFCBD-DD6F-461C-9AE5-B87006C1F1AA}.Debug|Any CPU.ActiveCfg = Debug|Any CPU
		{3DDEFCBD-DD6F-461C-9AE5-B87006C1F1AA}.Debug|Any CPU.Build.0 = Debug|Any CPU
		{3DDEFCBD-DD6F-461C-9AE5-B87006C1F1AA}.Release|Any CPU.ActiveCfg = Release|Any CPU
		{3DDEFCBD-DD6F-461C-9AE5-B87006C1F1AA}.Release|Any CPU.Build.0 = Release|Any CPU
		{AB7FC380-D4DD-4500-A34C-8744661A9312}.Debug|Any CPU.ActiveCfg = Debug|Any CPU
		{AB7FC380-D4DD-4500-A34C-8744661A9312}.Debug|Any CPU.Build.0 = Debug|Any CPU
		{AB7FC380-D4DD-4500-A34C-8744661A9312}.Release|Any CPU.ActiveCfg = Release|Any CPU
		{AB7FC380-D4DD-4500-A34C-8744661A9312}.Release|Any CPU.Build.0 = Release|Any CPU
	EndGlobalSection
	GlobalSection(SolutionProperties) = preSolution
		HideSolutionNode = FALSE
	EndGlobalSection
	GlobalSection(ExtensibilityGlobals) = postSolution
		SolutionGuid = {1A415F92-4552-442C-8D4F-B4C90A715D79}
	EndGlobalSection
EndGlobal
